// !$*UTF8*$!
{
	archiveVersion = 1;
	classes = {
	};
	objectVersion = 46;
	objects = {

/* Begin PBXBuildFile section */
		923439841F049C7D00F0F603 /* AppDelegate.swift in Sources */ = {isa = PBXBuildFile; fileRef = 923439831F049C7D00F0F603 /* AppDelegate.swift */; };
		923439861F049C7D00F0F603 /* ViewController.swift in Sources */ = {isa = PBXBuildFile; fileRef = 923439851F049C7D00F0F603 /* ViewController.swift */; };
		923439891F049C7D00F0F603 /* Main.storyboard in Resources */ = {isa = PBXBuildFile; fileRef = 923439871F049C7D00F0F603 /* Main.storyboard */; };
		9234398B1F049C7D00F0F603 /* Assets.xcassets in Resources */ = {isa = PBXBuildFile; fileRef = 9234398A1F049C7D00F0F603 /* Assets.xcassets */; };
		9234398E1F049C7D00F0F603 /* LaunchScreen.storyboard in Resources */ = {isa = PBXBuildFile; fileRef = 9234398C1F049C7D00F0F603 /* LaunchScreen.storyboard */; };
		923439991F049C7E00F0F603 /* Emoji_DictionaryTests.swift in Sources */ = {isa = PBXBuildFile; fileRef = 923439981F049C7E00F0F603 /* Emoji_DictionaryTests.swift */; };
		923439A41F049C7E00F0F603 /* Emoji_DictionaryUITests.swift in Sources */ = {isa = PBXBuildFile; fileRef = 923439A31F049C7E00F0F603 /* Emoji_DictionaryUITests.swift */; };
/* End PBXBuildFile section */

/* Begin PBXContainerItemProxy section */
		923439951F049C7E00F0F603 /* PBXContainerItemProxy */ = {
			isa = PBXContainerItemProxy;
			containerPortal = 923439781F049C7D00F0F603 /* Project object */;
			proxyType = 1;
			remoteGlobalIDString = 9234397F1F049C7D00F0F603;
			remoteInfo = "Emoji Dictionary";
		};
		923439A01F049C7E00F0F603 /* PBXContainerItemProxy */ = {
			isa = PBXContainerItemProxy;
			containerPortal = 923439781F049C7D00F0F603 /* Project object */;
			proxyType = 1;
			remoteGlobalIDString = 9234397F1F049C7D00F0F603;
			remoteInfo = "Emoji Dictionary";
		};
/* End PBXContainerItemProxy section */

/* Begin PBXFileReference section */
		923439801F049C7D00F0F603 /* Emoji Dictionary.app */ = {isa = PBXFileReference; explicitFileType = wrapper.application; includeInIndex = 0; path = "Emoji Dictionary.app"; sourceTree = BUILT_PRODUCTS_DIR; };
		923439831F049C7D00F0F603 /* AppDelegate.swift */ = {isa = PBXFileReference; lastKnownFileType = sourcecode.swift; path = AppDelegate.swift; sourceTree = "<group>"; };
		923439851F049C7D00F0F603 /* ViewController.swift */ = {isa = PBXFileReference; lastKnownFileType = sourcecode.swift; path = ViewController.swift; sourceTree = "<group>"; };
		923439881F049C7D00F0F603 /* Base */ = {isa = PBXFileReference; lastKnownFileType = file.storyboard; name = Base; path = Base.lproj/Main.storyboard; sourceTree = "<group>"; };
		9234398A1F049C7D00F0F603 /* Assets.xcassets */ = {isa = PBXFileReference; lastKnownFileType = folder.assetcatalog; path = Assets.xcassets; sourceTree = "<group>"; };
		9234398D1F049C7D00F0F603 /* Base */ = {isa = PBXFileReference; lastKnownFileType = file.storyboard; name = Base; path = Base.lproj/LaunchScreen.storyboard; sourceTree = "<group>"; };
		9234398F1F049C7D00F0F603 /* Info.plist */ = {isa = PBXFileReference; lastKnownFileType = text.plist.xml; path = Info.plist; sourceTree = "<group>"; };
		923439941F049C7E00F0F603 /* Emoji DictionaryTests.xctest */ = {isa = PBXFileReference; explicitFileType = wrapper.cfbundle; includeInIndex = 0; path = "Emoji DictionaryTests.xctest"; sourceTree = BUILT_PRODUCTS_DIR; };
		923439981F049C7E00F0F603 /* Emoji_DictionaryTests.swift */ = {isa = PBXFileReference; lastKnownFileType = sourcecode.swift; path = Emoji_DictionaryTests.swift; sourceTree = "<group>"; };
		9234399A1F049C7E00F0F603 /* Info.plist */ = {isa = PBXFileReference; lastKnownFileType = text.plist.xml; path = Info.plist; sourceTree = "<group>"; };
		9234399F1F049C7E00F0F603 /* Emoji DictionaryUITests.xctest */ = {isa = PBXFileReference; explicitFileType = wrapper.cfbundle; includeInIndex = 0; path = "Emoji DictionaryUITests.xctest"; sourceTree = BUILT_PRODUCTS_DIR; };
		923439A31F049C7E00F0F603 /* Emoji_DictionaryUITests.swift */ = {isa = PBXFileReference; lastKnownFileType = sourcecode.swift; path = Emoji_DictionaryUITests.swift; sourceTree = "<group>"; };
		923439A51F049C7E00F0F603 /* Info.plist */ = {isa = PBXFileReference; lastKnownFileType = text.plist.xml; path = Info.plist; sourceTree = "<group>"; };
/* End PBXFileReference section */

/* Begin PBXFrameworksBuildPhase section */
		9234397D1F049C7D00F0F603 /* Frameworks */ = {
			isa = PBXFrameworksBuildPhase;
			buildActionMask = 2147483647;
			files = (
			);
			runOnlyForDeploymentPostprocessing = 0;
		};
		923439911F049C7E00F0F603 /* Frameworks */ = {
			isa = PBXFrameworksBuildPhase;
			buildActionMask = 2147483647;
			files = (
			);
			runOnlyForDeploymentPostprocessing = 0;
		};
		9234399C1F049C7E00F0F603 /* Frameworks */ = {
			isa = PBXFrameworksBuildPhase;
			buildActionMask = 2147483647;
			files = (
			);
			runOnlyForDeploymentPostprocessing = 0;
		};
/* End PBXFrameworksBuildPhase section */

/* Begin PBXGroup section */
		923439771F049C7D00F0F603 = {
			isa = PBXGroup;
			children = (
				923439821F049C7D00F0F603 /* Emoji Dictionary */,
				923439971F049C7E00F0F603 /* Emoji DictionaryTests */,
				923439A21F049C7E00F0F603 /* Emoji DictionaryUITests */,
				923439811F049C7D00F0F603 /* Products */,
			);
			sourceTree = "<group>";
		};
		923439811F049C7D00F0F603 /* Products */ = {
			isa = PBXGroup;
			children = (
				923439801F049C7D00F0F603 /* Emoji Dictionary.app */,
				923439941F049C7E00F0F603 /* Emoji DictionaryTests.xctest */,
				9234399F1F049C7E00F0F603 /* Emoji DictionaryUITests.xctest */,
			);
			name = Products;
			sourceTree = "<group>";
		};
		923439821F049C7D00F0F603 /* Emoji Dictionary */ = {
			isa = PBXGroup;
			children = (
				923439831F049C7D00F0F603 /* AppDelegate.swift */,
				923439851F049C7D00F0F603 /* ViewController.swift */,
				923439871F049C7D00F0F603 /* Main.storyboard */,
				9234398A1F049C7D00F0F603 /* Assets.xcassets */,
				9234398C1F049C7D00F0F603 /* LaunchScreen.storyboard */,
				9234398F1F049C7D00F0F603 /* Info.plist */,
			);
			path = "Emoji Dictionary";
			sourceTree = "<group>";
		};
		923439971F049C7E00F0F603 /* Emoji DictionaryTests */ = {
			isa = PBXGroup;
			children = (
				923439981F049C7E00F0F603 /* Emoji_DictionaryTests.swift */,
				9234399A1F049C7E00F0F603 /* Info.plist */,
			);
			path = "Emoji DictionaryTests";
			sourceTree = "<group>";
		};
		923439A21F049C7E00F0F603 /* Emoji DictionaryUITests */ = {
			isa = PBXGroup;
			children = (
				923439A31F049C7E00F0F603 /* Emoji_DictionaryUITests.swift */,
				923439A51F049C7E00F0F603 /* Info.plist */,
			);
			path = "Emoji DictionaryUITests";
			sourceTree = "<group>";
		};
/* End PBXGroup section */

/* Begin PBXNativeTarget section */
		9234397F1F049C7D00F0F603 /* Emoji Dictionary */ = {
			isa = PBXNativeTarget;
			buildConfigurationList = 923439A81F049C7E00F0F603 /* Build configuration list for PBXNativeTarget "Emoji Dictionary" */;
			buildPhases = (
				9234397C1F049C7D00F0F603 /* Sources */,
				9234397D1F049C7D00F0F603 /* Frameworks */,
				9234397E1F049C7D00F0F603 /* Resources */,
			);
			buildRules = (
			);
			dependencies = (
			);
			name = "Emoji Dictionary";
			productName = "Emoji Dictionary";
			productReference = 923439801F049C7D00F0F603 /* Emoji Dictionary.app */;
			productType = "com.apple.product-type.application";
		};
		923439931F049C7E00F0F603 /* Emoji DictionaryTests */ = {
			isa = PBXNativeTarget;
			buildConfigurationList = 923439AB1F049C7E00F0F603 /* Build configuration list for PBXNativeTarget "Emoji DictionaryTests" */;
			buildPhases = (
				923439901F049C7E00F0F603 /* Sources */,
				923439911F049C7E00F0F603 /* Frameworks */,
				923439921F049C7E00F0F603 /* Resources */,
			);
			buildRules = (
			);
			dependencies = (
				923439961F049C7E00F0F603 /* PBXTargetDependency */,
			);
			name = "Emoji DictionaryTests";
			productName = "Emoji DictionaryTests";
			productReference = 923439941F049C7E00F0F603 /* Emoji DictionaryTests.xctest */;
			productType = "com.apple.product-type.bundle.unit-test";
		};
		9234399E1F049C7E00F0F603 /* Emoji DictionaryUITests */ = {
			isa = PBXNativeTarget;
			buildConfigurationList = 923439AE1F049C7E00F0F603 /* Build configuration list for PBXNativeTarget "Emoji DictionaryUITests" */;
			buildPhases = (
				9234399B1F049C7E00F0F603 /* Sources */,
				9234399C1F049C7E00F0F603 /* Frameworks */,
				9234399D1F049C7E00F0F603 /* Resources */,
			);
			buildRules = (
			);
			dependencies = (
				923439A11F049C7E00F0F603 /* PBXTargetDependency */,
			);
			name = "Emoji DictionaryUITests";
			productName = "Emoji DictionaryUITests";
			productReference = 9234399F1F049C7E00F0F603 /* Emoji DictionaryUITests.xctest */;
			productType = "com.apple.product-type.bundle.ui-testing";
		};
/* End PBXNativeTarget section */

/* Begin PBXProject section */
		923439781F049C7D00F0F603 /* Project object */ = {
			isa = PBXProject;
			attributes = {
				LastSwiftUpdateCheck = 0830;
				LastUpgradeCheck = 0830;
				ORGANIZATIONNAME = Hayley;
				TargetAttributes = {
					9234397F1F049C7D00F0F603 = {
						CreatedOnToolsVersion = 8.3.3;
						DevelopmentTeam = HFX5QUSD76;
						ProvisioningStyle = Automatic;
					};
					923439931F049C7E00F0F603 = {
						CreatedOnToolsVersion = 8.3.3;
						DevelopmentTeam = HFX5QUSD76;
						ProvisioningStyle = Automatic;
						TestTargetID = 9234397F1F049C7D00F0F603;
					};
					9234399E1F049C7E00F0F603 = {
						CreatedOnToolsVersion = 8.3.3;
						DevelopmentTeam = HFX5QUSD76;
						ProvisioningStyle = Automatic;
						TestTargetID = 9234397F1F049C7D00F0F603;
					};
				};
			};
			buildConfigurationList = 9234397B1F049C7D00F0F603 /* Build configuration list for PBXProject "Emoji Dictionary" */;
			compatibilityVersion = "Xcode 3.2";
			developmentRegion = English;
			hasScannedForEncodings = 0;
			knownRegions = (
				en,
				Base,
			);
			mainGroup = 923439771F049C7D00F0F603;
			productRefGroup = 923439811F049C7D00F0F603 /* Products */;
			projectDirPath = "";
			projectRoot = "";
			targets = (
				9234397F1F049C7D00F0F603 /* Emoji Dictionary */,
				923439931F049C7E00F0F603 /* Emoji DictionaryTests */,
				9234399E1F049C7E00F0F603 /* Emoji DictionaryUITests */,
			);
		};
/* End PBXProject section */

/* Begin PBXResourcesBuildPhase section */
		9234397E1F049C7D00F0F603 /* Resources */ = {
			isa = PBXResourcesBuildPhase;
			buildActionMask = 2147483647;
			files = (
				9234398E1F049C7D00F0F603 /* LaunchScreen.storyboard in Resources */,
				9234398B1F049C7D00F0F603 /* Assets.xcassets in Resources */,
				923439891F049C7D00F0F603 /* Main.storyboard in Resources */,
			);
			runOnlyForDeploymentPostprocessing = 0;
		};
		923439921F049C7E00F0F603 /* Resources */ = {
			isa = PBXResourcesBuildPhase;
			buildActionMask = 2147483647;
			files = (
			);
			runOnlyForDeploymentPostprocessing = 0;
		};
		9234399D1F049C7E00F0F603 /* Resources */ = {
			isa = PBXResourcesBuildPhase;
			buildActionMask = 2147483647;
			files = (
			);
			runOnlyForDeploymentPostprocessing = 0;
		};
/* End PBXResourcesBuildPhase section */

/* Begin PBXSourcesBuildPhase section */
		9234397C1F049C7D00F0F603 /* Sources */ = {
			isa = PBXSourcesBuildPhase;
			buildActionMask = 2147483647;
			files = (
				923439861F049C7D00F0F603 /* ViewController.swift in Sources */,
				923439841F049C7D00F0F603 /* AppDelegate.swift in Sources */,
			);
			runOnlyForDeploymentPostprocessing = 0;
		};
		923439901F049C7E00F0F603 /* Sources */ = {
			isa = PBXSourcesBuildPhase;
			buildActionMask = 2147483647;
			files = (
				923439991F049C7E00F0F603 /* Emoji_DictionaryTests.swift in Sources */,
			);
			runOnlyForDeploymentPostprocessing = 0;
		};
		9234399B1F049C7E00F0F603 /* Sources */ = {
			isa = PBXSourcesBuildPhase;
			buildActionMask = 2147483647;
			files = (
				923439A41F049C7E00F0F603 /* Emoji_DictionaryUITests.swift in Sources */,
			);
			runOnlyForDeploymentPostprocessing = 0;
		};
/* End PBXSourcesBuildPhase section */

/* Begin PBXTargetDependency section */
		923439961F049C7E00F0F603 /* PBXTargetDependency */ = {
			isa = PBXTargetDependency;
			target = 9234397F1F049C7D00F0F603 /* Emoji Dictionary */;
			targetProxy = 923439951F049C7E00F0F603 /* PBXContainerItemProxy */;
		};
		923439A11F049C7E00F0F603 /* PBXTargetDependency */ = {
			isa = PBXTargetDependency;
			target = 9234397F1F049C7D00F0F603 /* Emoji Dictionary */;
			targetProxy = 923439A01F049C7E00F0F603 /* PBXContainerItemProxy */;
		};
/* End PBXTargetDependency section */

/* Begin PBXVariantGroup section */
		923439871F049C7D00F0F603 /* Main.storyboard */ = {
			isa = PBXVariantGroup;
			children = (
				923439881F049C7D00F0F603 /* Base */,
			);
			name = Main.storyboard;
			sourceTree = "<group>";
		};
		9234398C1F049C7D00F0F603 /* LaunchScreen.storyboard */ = {
			isa = PBXVariantGroup;
			children = (
				9234398D1F049C7D00F0F603 /* Base */,
			);
			name = LaunchScreen.storyboard;
			sourceTree = "<group>";
		};
/* End PBXVariantGroup section */

/* Begin XCBuildConfiguration section */
		923439A61F049C7E00F0F603 /* Debug */ = {
			isa = XCBuildConfiguration;
			buildSettings = {
				ALWAYS_SEARCH_USER_PATHS = NO;
				CLANG_ANALYZER_NONNULL = YES;
				CLANG_ANALYZER_NUMBER_OBJECT_CONVERSION = YES_AGGRESSIVE;
				CLANG_CXX_LANGUAGE_STANDARD = "gnu++0x";
				CLANG_CXX_LIBRARY = "libc++";
				CLANG_ENABLE_MODULES = YES;
				CLANG_ENABLE_OBJC_ARC = YES;
				CLANG_WARN_BOOL_CONVERSION = YES;
				CLANG_WARN_CONSTANT_CONVERSION = YES;
				CLANG_WARN_DIRECT_OBJC_ISA_USAGE = YES_ERROR;
				CLANG_WARN_DOCUMENTATION_COMMENTS = YES;
				CLANG_WARN_EMPTY_BODY = YES;
				CLANG_WARN_ENUM_CONVERSION = YES;
				CLANG_WARN_INFINITE_RECURSION = YES;
				CLANG_WARN_INT_CONVERSION = YES;
				CLANG_WARN_OBJC_ROOT_CLASS = YES_ERROR;
				CLANG_WARN_SUSPICIOUS_MOVE = YES;
				CLANG_WARN_UNREACHABLE_CODE = YES;
				CLANG_WARN__DUPLICATE_METHOD_MATCH = YES;
				"CODE_SIGN_IDENTITY[sdk=iphoneos*]" = "iPhone Developer";
				COPY_PHASE_STRIP = NO;
				DEBUG_INFORMATION_FORMAT = dwarf;
				ENABLE_STRICT_OBJC_MSGSEND = YES;
				ENABLE_TESTABILITY = YES;
				GCC_C_LANGUAGE_STANDARD = gnu99;
				GCC_DYNAMIC_NO_PIC = NO;
				GCC_NO_COMMON_BLOCKS = YES;
				GCC_OPTIMIZATION_LEVEL = 0;
				GCC_PREPROCESSOR_DEFINITIONS = (
					"DEBUG=1",
					"$(inherited)",
				);
				GCC_WARN_64_TO_32_BIT_CONVERSION = YES;
				GCC_WARN_ABOUT_RETURN_TYPE = YES_ERROR;
				GCC_WARN_UNDECLARED_SELECTOR = YES;
				GCC_WARN_UNINITIALIZED_AUTOS = YES_AGGRESSIVE;
				GCC_WARN_UNUSED_FUNCTION = YES;
				GCC_WARN_UNUSED_VARIABLE = YES;
				IPHONEOS_DEPLOYMENT_TARGET = 10.3;
				MTL_ENABLE_DEBUG_INFO = YES;
				ONLY_ACTIVE_ARCH = YES;
				SDKROOT = iphoneos;
				SWIFT_ACTIVE_COMPILATION_CONDITIONS = DEBUG;
				SWIFT_OPTIMIZATION_LEVEL = "-Onone";
				TARGETED_DEVICE_FAMILY = "1,2";
			};
			name = Debug;
		};
		923439A71F049C7E00F0F603 /* Release */ = {
			isa = XCBuildConfiguration;
			buildSettings = {
				ALWAYS_SEARCH_USER_PATHS = NO;
				CLANG_ANALYZER_NONNULL = YES;
				CLANG_ANALYZER_NUMBER_OBJECT_CONVERSION = YES_AGGRESSIVE;
				CLANG_CXX_LANGUAGE_STANDARD = "gnu++0x";
				CLANG_CXX_LIBRARY = "libc++";
				CLANG_ENABLE_MODULES = YES;
				CLANG_ENABLE_OBJC_ARC = YES;
				CLANG_WARN_BOOL_CONVERSION = YES;
				CLANG_WARN_CONSTANT_CONVERSION = YES;
				CLANG_WARN_DIRECT_OBJC_ISA_USAGE = YES_ERROR;
				CLANG_WARN_DOCUMENTATION_COMMENTS = YES;
				CLANG_WARN_EMPTY_BODY = YES;
				CLANG_WARN_ENUM_CONVERSION = YES;
				CLANG_WARN_INFINITE_RECURSION = YES;
				CLANG_WARN_INT_CONVERSION = YES;
				CLANG_WARN_OBJC_ROOT_CLASS = YES_ERROR;
				CLANG_WARN_SUSPICIOUS_MOVE = YES;
				CLANG_WARN_UNREACHABLE_CODE = YES;
				CLANG_WARN__DUPLICATE_METHOD_MATCH = YES;
				"CODE_SIGN_IDENTITY[sdk=iphoneos*]" = "iPhone Developer";
				COPY_PHASE_STRIP = NO;
				DEBUG_INFORMATION_FORMAT = "dwarf-with-dsym";
				ENABLE_NS_ASSERTIONS = NO;
				ENABLE_STRICT_OBJC_MSGSEND = YES;
				GCC_C_LANGUAGE_STANDARD = gnu99;
				GCC_NO_COMMON_BLOCKS = YES;
				GCC_WARN_64_TO_32_BIT_CONVERSION = YES;
				GCC_WARN_ABOUT_RETURN_TYPE = YES_ERROR;
				GCC_WARN_UNDECLARED_SELECTOR = YES;
				GCC_WARN_UNINITIALIZED_AUTOS = YES_AGGRESSIVE;
				GCC_WARN_UNUSED_FUNCTION = YES;
				GCC_WARN_UNUSED_VARIABLE = YES;
				IPHONEOS_DEPLOYMENT_TARGET = 10.3;
				MTL_ENABLE_DEBUG_INFO = NO;
				SDKROOT = iphoneos;
				SWIFT_OPTIMIZATION_LEVEL = "-Owholemodule";
				TARGETED_DEVICE_FAMILY = "1,2";
				VALIDATE_PRODUCT = YES;
			};
			name = Release;
		};
		923439A91F049C7E00F0F603 /* Debug */ = {
			isa = XCBuildConfiguration;
			buildSettings = {
				ASSETCATALOG_COMPILER_APPICON_NAME = AppIcon;
				DEVELOPMENT_TEAM = HFX5QUSD76;
				INFOPLIST_FILE = "Emoji Dictionary/Info.plist";
				LD_RUNPATH_SEARCH_PATHS = "$(inherited) @executable_path/Frameworks";
				PRODUCT_BUNDLE_IDENTIFIER = "com.StoryStone.Emoji-Dictionary";
				PRODUCT_NAME = "$(TARGET_NAME)";
				SWIFT_VERSION = 3.0;
			};
			name = Debug;
		};
		923439AA1F049C7E00F0F603 /* Release */ = {
			isa = XCBuildConfiguration;
			buildSettings = {
				ASSETCATALOG_COMPILER_APPICON_NAME = AppIcon;
				DEVELOPMENT_TEAM = HFX5QUSD76;
				INFOPLIST_FILE = "Emoji Dictionary/Info.plist";
				LD_RUNPATH_SEARCH_PATHS = "$(inherited) @executable_path/Frameworks";
				PRODUCT_BUNDLE_IDENTIFIER = "com.StoryStone.Emoji-Dictionary";
				PRODUCT_NAME = "$(TARGET_NAME)";
				SWIFT_VERSION = 3.0;
			};
			name = Release;
		};
		923439AC1F049C7E00F0F603 /* Debug */ = {
			isa = XCBuildConfiguration;
			buildSettings = {
				ALWAYS_EMBED_SWIFT_STANDARD_LIBRARIES = YES;
				BUNDLE_LOADER = "$(TEST_HOST)";
				DEVELOPMENT_TEAM = HFX5QUSD76;
				INFOPLIST_FILE = "Emoji DictionaryTests/Info.plist";
				LD_RUNPATH_SEARCH_PATHS = "$(inherited) @executable_path/Frameworks @loader_path/Frameworks";
				PRODUCT_BUNDLE_IDENTIFIER = "com.StoryStone.Emoji-DictionaryTests";
				PRODUCT_NAME = "$(TARGET_NAME)";
				SWIFT_VERSION = 3.0;
				TEST_HOST = "$(BUILT_PRODUCTS_DIR)/Emoji Dictionary.app/Emoji Dictionary";
			};
			name = Debug;
		};
		923439AD1F049C7E00F0F603 /* Release */ = {
			isa = XCBuildConfiguration;
			buildSettings = {
				ALWAYS_EMBED_SWIFT_STANDARD_LIBRARIES = YES;
				BUNDLE_LOADER = "$(TEST_HOST)";
				DEVELOPMENT_TEAM = HFX5QUSD76;
				INFOPLIST_FILE = "Emoji DictionaryTests/Info.plist";
				LD_RUNPATH_SEARCH_PATHS = "$(inherited) @executable_path/Frameworks @loader_path/Frameworks";
				PRODUCT_BUNDLE_IDENTIFIER = "com.StoryStone.Emoji-DictionaryTests";
				PRODUCT_NAME = "$(TARGET_NAME)";
				SWIFT_VERSION = 3.0;
				TEST_HOST = "$(BUILT_PRODUCTS_DIR)/Emoji Dictionary.app/Emoji Dictionary";
			};
			name = Release;
		};
		923439AF1F049C7E00F0F603 /* Debug */ = {
			isa = XCBuildConfiguration;
			buildSettings = {
				ALWAYS_EMBED_SWIFT_STANDARD_LIBRARIES = YES;
				DEVELOPMENT_TEAM = HFX5QUSD76;
				INFOPLIST_FILE = "Emoji DictionaryUITests/Info.plist";
				LD_RUNPATH_SEARCH_PATHS = "$(inherited) @executable_path/Frameworks @loader_path/Frameworks";
				PRODUCT_BUNDLE_IDENTIFIER = "com.StoryStone.Emoji-DictionaryUITests";
				PRODUCT_NAME = "$(TARGET_NAME)";
				SWIFT_VERSION = 3.0;
				TEST_TARGET_NAME = "Emoji Dictionary";
			};
			name = Debug;
		};
		923439B01F049C7E00F0F603 /* Release */ = {
			isa = XCBuildConfiguration;
			buildSettings = {
				ALWAYS_EMBED_SWIFT_STANDARD_LIBRARIES = YES;
				DEVELOPMENT_TEAM = HFX5QUSD76;
				INFOPLIST_FILE = "Emoji DictionaryUITests/Info.plist";
				LD_RUNPATH_SEARCH_PATHS = "$(inherited) @executable_path/Frameworks @loader_path/Frameworks";
				PRODUCT_BUNDLE_IDENTIFIER = "com.StoryStone.Emoji-DictionaryUITests";
				PRODUCT_NAME = "$(TARGET_NAME)";
				SWIFT_VERSION = 3.0;
				TEST_TARGET_NAME = "Emoji Dictionary";
			};
			name = Release;
		};
/* End XCBuildConfiguration section */

/* Begin XCConfigurationList section */
		9234397B1F049C7D00F0F603 /* Build configuration list for PBXProject "Emoji Dictionary" */ = {
			isa = XCConfigurationList;
			buildConfigurations = (
				923439A61F049C7E00F0F603 /* Debug */,
				923439A71F049C7E00F0F603 /* Release */,
			);
			defaultConfigurationIsVisible = 0;
			defaultConfigurationName = Release;
		};
		923439A81F049C7E00F0F603 /* Build configuration list for PBXNativeTarget "Emoji Dictionary" */ = {
			isa = XCConfigurationList;
			buildConfigurations = (
				923439A91F049C7E00F0F603 /* Debug */,
				923439AA1F049C7E00F0F603 /* Release */,
			);
			defaultConfigurationIsVisible = 0;
		};
		923439AB1F049C7E00F0F603 /* Build configuration list for PBXNativeTarget "Emoji DictionaryTests" */ = {
			isa = XCConfigurationList;
			buildConfigurations = (
				923439AC1F049C7E00F0F603 /* Debug */,
				923439AD1F049C7E00F0F603 /* Release */,
			);
			defaultConfigurationIsVisible = 0;
		};
		923439AE1F049C7E00F0F603 /* Build configuration list for PBXNativeTarget "Emoji DictionaryUITests" */ = {
			isa = XCConfigurationList;
			buildConfigurations = (
				923439AF1F049C7E00F0F603 /* Debug */,
				923439B01F049C7E00F0F603 /* Release */,
			);
			defaultConfigurationIsVisible = 0;
		};
/* End XCConfigurationList section */
	};
	rootObject = 923439781F049C7D00F0F603 /* Project object */;
}
